
Microsoft Visual Studio Solution File, Format Version 11.00
# Visual Studio 2010
Project("{FAE04EC0-301F-11D3-BF4B-00C04F79EFBC}") = "WPStudy", "WPStudy\WPStudy.csproj", "{699CA938-6A3B-45BC-8130-1910921E354D}"
EndProject
Project("{FAE04EC0-301F-11D3-BF4B-00C04F79EFBC}") = "IsolatedStorageListing", "IsolatedStorageListing\IsolatedStorageListing.csproj", "{3F4A87C1-DE16-4FB8-AB19-452ACAA3612D}"
EndProject
Project("{FAE04EC0-301F-11D3-BF4B-00C04F79EFBC}") = "TaskSwitching", "TaskSwitching\TaskSwitching.csproj", "{037E7AE5-9405-41A2-831A-DBA8E0FE8A74}"
EndProject
Global
	GlobalSection(SolutionConfigurationPlatforms) = preSolution
		Debug|Any CPU = Debug|Any CPU
		Release|Any CPU = Release|Any CPU
	EndGlobalSection
	GlobalSection(ProjectConfigurationPlatforms) = postSolution
		{699CA938-6A3B-45BC-8130-1910921E354D}.Debug|Any CPU.ActiveCfg = Debug|Any CPU
		{699CA938-6A3B-45BC-8130-1910921E354D}.Debug|Any CPU.Build.0 = Debug|Any CPU
		{699CA938-6A3B-45BC-8130-1910921E354D}.Debug|Any CPU.Deploy.0 = Debug|Any CPU
		{699CA938-6A3B-45BC-8130-1910921E354D}.Release|Any CPU.ActiveCfg = Release|Any CPU
		{699CA938-6A3B-45BC-8130-1910921E354D}.Release|Any CPU.Build.0 = Release|Any CPU
		{699CA938-6A3B-45BC-8130-1910921E354D}.Release|Any CPU.Deploy.0 = Release|Any CPU
		{3F4A87C1-DE16-4FB8-AB19-452ACAA3612D}.Debug|Any CPU.ActiveCfg = Debug|Any CPU
		{3F4A87C1-DE16-4FB8-AB19-452ACAA3612D}.Debug|Any CPU.Build.0 = Debug|Any CPU
		{3F4A87C1-DE16-4FB8-AB19-452ACAA3612D}.Debug|Any CPU.Deploy.0 = Debug|Any CPU
		{3F4A87C1-DE16-4FB8-AB19-452ACAA3612D}.Release|Any CPU.ActiveCfg = Release|Any CPU
		{3F4A87C1-DE16-4FB8-AB19-452ACAA3612D}.Release|Any CPU.Build.0 = Release|Any CPU
		{3F4A87C1-DE16-4FB8-AB19-452ACAA3612D}.Release|Any CPU.Deploy.0 = Release|Any CPU
		{037E7AE5-9405-41A2-831A-DBA8E0FE8A74}.Debug|Any CPU.ActiveCfg = Debug|Any CPU
		{037E7AE5-9405-41A2-831A-DBA8E0FE8A74}.Debug|Any CPU.Build.0 = Debug|Any CPU
		{037E7AE5-9405-41A2-831A-DBA8E0FE8A74}.Debug|Any CPU.Deploy.0 = Debug|Any CPU
		{037E7AE5-9405-41A2-831A-DBA8E0FE8A74}.Release|Any CPU.ActiveCfg = Release|Any CPU
		{037E7AE5-9405-41A2-831A-DBA8E0FE8A74}.Release|Any CPU.Build.0 = Release|Any CPU
		{037E7AE5-9405-41A2-831A-DBA8E0FE8A74}.Release|Any CPU.Deploy.0 = Release|Any CPU
	EndGlobalSection
	GlobalSection(SolutionProperties) = preSolution
		HideSolutionNode = FALSE
	EndGlobalSection
EndGlobal
